
Microsoft Visual Studio Solution File, Format Version 12.00
# Visual Studio Version 17
VisualStudioVersion = 17.2.32616.157
MinimumVisualStudioVersion = 10.0.40219.1
Project("{9A19103F-16F7-4668-BE54-9A1E7A4F7556}") = "QnAForum_API", "QnAForum_API\QnAForum_API.csproj", "{7634E7E3-43A5-43F1-B158-808AF262FD15}"
EndProject
Project("{9A19103F-16F7-4668-BE54-9A1E7A4F7556}") = "QnaForum_App", "QnaForum_App\QnaForum_App.csproj", "{F190532F-9F57-4153-99CD-ECD5A31C0FA8}"
EndProject
Global
	GlobalSection(SolutionConfigurationPlatforms) = preSolution
		Debug|Any CPU = Debug|Any CPU
		Release|Any CPU = Release|Any CPU
	EndGlobalSection
	GlobalSection(ProjectConfigurationPlatforms) = postSolution
		{7634E7E3-43A5-43F1-B158-808AF262FD15}.Debug|Any CPU.ActiveCfg = Debug|Any CPU
		{7634E7E3-43A5-43F1-B158-808AF262FD15}.Debug|Any CPU.Build.0 = Debug|Any CPU
		{7634E7E3-43A5-43F1-B158-808AF262FD15}.Release|Any CPU.ActiveCfg = Release|Any CPU
		{7634E7E3-43A5-43F1-B158-808AF262FD15}.Release|Any CPU.Build.0 = Release|Any CPU
		{F190532F-9F57-4153-99CD-ECD5A31C0FA8}.Debug|Any CPU.ActiveCfg = Debug|Any CPU
		{F190532F-9F57-4153-99CD-ECD5A31C0FA8}.Debug|Any CPU.Build.0 = Debug|Any CPU
		{F190532F-9F57-4153-99CD-ECD5A31C0FA8}.Release|Any CPU.ActiveCfg = Release|Any CPU
		{F190532F-9F57-4153-99CD-ECD5A31C0FA8}.Release|Any CPU.Build.0 = Release|Any CPU
	EndGlobalSection
	GlobalSection(SolutionProperties) = preSolution
		HideSolutionNode = FALSE
	EndGlobalSection
	GlobalSection(ExtensibilityGlobals) = postSolution
		SolutionGuid = {AA794F53-460D-4730-A052-A060C1785733}
	EndGlobalSection
EndGlobal
